
Microsoft Visual Studio Solution File, Format Version 11.00
# Visual C# Express 2010
Project("{FAE04EC0-301F-11D3-BF4B-00C04F79EFBC}") = "DrakNest", "DrakNest\DrakNest\DrakNest.csproj", "{541E36CA-50D1-407A-B3AE-42989E9A3A98}"
EndProject
Project("{96E2B04D-8817-42C6-938A-82C39BA4D311}") = "DrakNestContent", "DrakNest\DrakNestContent\DrakNestContent.contentproj", "{B382105C-B7C8-4975-A517-19FEA5F4D081}"
EndProject
Global
	GlobalSection(SolutionConfigurationPlatforms) = preSolution
		Debug|x86 = Debug|x86
		Release|x86 = Release|x86
	EndGlobalSection
	GlobalSection(ProjectConfigurationPlatforms) = postSolution
		{541E36CA-50D1-407A-B3AE-42989E9A3A98}.Debug|x86.ActiveCfg = Debug|x86
		{541E36CA-50D1-407A-B3AE-42989E9A3A98}.Debug|x86.Build.0 = Debug|x86
		{541E36CA-50D1-407A-B3AE-42989E9A3A98}.Release|x86.ActiveCfg = Release|x86
		{541E36CA-50D1-407A-B3AE-42989E9A3A98}.Release|x86.Build.0 = Release|x86
		{B382105C-B7C8-4975-A517-19FEA5F4D081}.Debug|x86.ActiveCfg = Debug|x86
		{B382105C-B7C8-4975-A517-19FEA5F4D081}.Release|x86.ActiveCfg = Release|x86
	EndGlobalSection
	GlobalSection(SolutionProperties) = preSolution
		HideSolutionNode = FALSE
	EndGlobalSection
EndGlobal
